
Microsoft Visual Studio Solution File, Format Version 12.00
# Visual Studio 15
VisualStudioVersion = 15.0.28307.645
MinimumVisualStudioVersion = 10.0.40219.1
Project("{9A19103F-16F7-4668-BE54-9A1E7A4F7556}") = "HelloWorld", "HelloWorld.csproj", "{008BF9DD-376D-4BCE-9D99-B3FBF1417C74}"
EndProject
Global
	GlobalSection(SolutionConfigurationPlatforms) = preSolution
		Debug|Any CPU = Debug|Any CPU
		Release|Any CPU = Release|Any CPU
	EndGlobalSection
	GlobalSection(ProjectConfigurationPlatforms) = postSolution
		{008BF9DD-376D-4BCE-9D99-B3FBF1417C74}.Debug|Any CPU.ActiveCfg = Debug|Any CPU
		{008BF9DD-376D-4BCE-9D99-B3FBF1417C74}.Debug|Any CPU.Build.0 = Debug|Any CPU
		{008BF9DD-376D-4BCE-9D99-B3FBF1417C74}.Release|Any CPU.ActiveCfg = Release|Any CPU
		{008BF9DD-376D-4BCE-9D99-B3FBF1417C74}.Release|Any CPU.Build.0 = Release|Any CPU
	EndGlobalSection
	GlobalSection(SolutionProperties) = preSolution
		HideSolutionNode = FALSE
	EndGlobalSection
	GlobalSection(ExtensibilityGlobals) = postSolution
		SolutionGuid = {A03E3E79-59D0-45D1-A346-B2941EB17BFB}
	EndGlobalSection
EndGlobal
