
Microsoft Visual Studio Solution File, Format Version 12.00
# Visual Studio Version 16
VisualStudioVersion = 16.0.29230.47
MinimumVisualStudioVersion = 10.0.40219.1
Project("{FAE04EC0-301F-11D3-BF4B-00C04F79EFBC}") = "DILifetime", "DILifetime\DILifetime.csproj", "{2A7F7A4B-8022-448B-A22B-E6CB8C8A3DC6}"
EndProject
Global
	GlobalSection(SolutionConfigurationPlatforms) = preSolution
		Debug|Any CPU = Debug|Any CPU
		Release|Any CPU = Release|Any CPU
	EndGlobalSection
	GlobalSection(ProjectConfigurationPlatforms) = postSolution
		{2A7F7A4B-8022-448B-A22B-E6CB8C8A3DC6}.Debug|Any CPU.ActiveCfg = Debug|Any CPU
		{2A7F7A4B-8022-448B-A22B-E6CB8C8A3DC6}.Debug|Any CPU.Build.0 = Debug|Any CPU
		{2A7F7A4B-8022-448B-A22B-E6CB8C8A3DC6}.Release|Any CPU.ActiveCfg = Release|Any CPU
		{2A7F7A4B-8022-448B-A22B-E6CB8C8A3DC6}.Release|Any CPU.Build.0 = Release|Any CPU
	EndGlobalSection
	GlobalSection(SolutionProperties) = preSolution
		HideSolutionNode = FALSE
	EndGlobalSection
	GlobalSection(ExtensibilityGlobals) = postSolution
		SolutionGuid = {CF018BC0-472F-4C78-9AEA-B06ED80AD8C7}
	EndGlobalSection
EndGlobal
